
Microsoft Visual Studio Solution File, Format Version 12.00
# Visual Studio Version 16
VisualStudioVersion = 16.0.30907.101
MinimumVisualStudioVersion = 10.0.40219.1
Project("{FAE04EC0-301F-11D3-BF4B-00C04F79EFBC}") = "Calculator", "Calculator\Calculator.csproj", "{C20AC224-BDEB-4C36-9062-37DE6641F446}"
EndProject
Global
	GlobalSection(SolutionConfigurationPlatforms) = preSolution
		Debug|Any CPU = Debug|Any CPU
		Release|Any CPU = Release|Any CPU
	EndGlobalSection
	GlobalSection(ProjectConfigurationPlatforms) = postSolution
		{C20AC224-BDEB-4C36-9062-37DE6641F446}.Debug|Any CPU.ActiveCfg = Debug|Any CPU
		{C20AC224-BDEB-4C36-9062-37DE6641F446}.Debug|Any CPU.Build.0 = Debug|Any CPU
		{C20AC224-BDEB-4C36-9062-37DE6641F446}.Release|Any CPU.ActiveCfg = Release|Any CPU
		{C20AC224-BDEB-4C36-9062-37DE6641F446}.Release|Any CPU.Build.0 = Release|Any CPU
	EndGlobalSection
	GlobalSection(SolutionProperties) = preSolution
		HideSolutionNode = FALSE
	EndGlobalSection
	GlobalSection(ExtensibilityGlobals) = postSolution
		SolutionGuid = {B853B408-4EBD-4316-A006-356C01131DE8}
	EndGlobalSection
EndGlobal
